// !$*UTF8*$!
{
	archiveVersion = 1;
	classes = {
	};
	objectVersion = 50;
	objects = {

/* Begin PBXBuildFile section */
		BF05539DC5B7A0BDF60CD833 /* Pods_UGFlutterIOSExample.framework in Frameworks */ = {isa = PBXBuildFile; fileRef = DAC94D9927AE96EEC6AB2368 /* Pods_UGFlutterIOSExample.framework */; };
		C97A420E21DC935B00A08335 /* AppDelegate.swift in Sources */ = {isa = PBXBuildFile; fileRef = C97A420D21DC935B00A08335 /* AppDelegate.swift */; };
		C97A421021DC935B00A08335 /* ViewController.swift in Sources */ = {isa = PBXBuildFile; fileRef = C97A420F21DC935B00A08335 /* ViewController.swift */; };
		C97A421321DC935B00A08335 /* Main.storyboard in Resources */ = {isa = PBXBuildFile; fileRef = C97A421121DC935B00A08335 /* Main.storyboard */; };
		C97A421521DC935D00A08335 /* Assets.xcassets in Resources */ = {isa = PBXBuildFile; fileRef = C97A421421DC935D00A08335 /* Assets.xcassets */; };
		C97A421821DC935D00A08335 /* LaunchScreen.storyboard in Resources */ = {isa = PBXBuildFile; fileRef = C97A421621DC935D00A08335 /* LaunchScreen.storyboard */; };
/* End PBXBuildFile section */

/* Begin PBXFileReference section */
		024E8475E042BD477210538B /* Pods-UGFlutterIOSExample.stagingdebug.xcconfig */ = {isa = PBXFileReference; includeInIndex = 1; lastKnownFileType = text.xcconfig; name = "Pods-UGFlutterIOSExample.stagingdebug.xcconfig"; path = "Pods/Target Support Files/Pods-UGFlutterIOSExample/Pods-UGFlutterIOSExample.stagingdebug.xcconfig"; sourceTree = "<group>"; };
		0B5D1DBBF1C9F7F87A755AA5 /* Pods-UGFlutterIOSExample.stagingrelease.xcconfig */ = {isa = PBXFileReference; includeInIndex = 1; lastKnownFileType = text.xcconfig; name = "Pods-UGFlutterIOSExample.stagingrelease.xcconfig"; path = "Pods/Target Support Files/Pods-UGFlutterIOSExample/Pods-UGFlutterIOSExample.stagingrelease.xcconfig"; sourceTree = "<group>"; };
		0F42FDF95BB546EEB41BD573 /* Pods-UGFlutterIOSExample.release.xcconfig */ = {isa = PBXFileReference; includeInIndex = 1; lastKnownFileType = text.xcconfig; name = "Pods-UGFlutterIOSExample.release.xcconfig"; path = "Pods/Target Support Files/Pods-UGFlutterIOSExample/Pods-UGFlutterIOSExample.release.xcconfig"; sourceTree = "<group>"; };
		C97A420A21DC935B00A08335 /* UGFlutterIOSExample.app */ = {isa = PBXFileReference; explicitFileType = wrapper.application; includeInIndex = 0; path = UGFlutterIOSExample.app; sourceTree = BUILT_PRODUCTS_DIR; };
		C97A420D21DC935B00A08335 /* AppDelegate.swift */ = {isa = PBXFileReference; lastKnownFileType = sourcecode.swift; path = AppDelegate.swift; sourceTree = "<group>"; };
		C97A420F21DC935B00A08335 /* ViewController.swift */ = {isa = PBXFileReference; lastKnownFileType = sourcecode.swift; path = ViewController.swift; sourceTree = "<group>"; };
		C97A421221DC935B00A08335 /* Base */ = {isa = PBXFileReference; lastKnownFileType = file.storyboard; name = Base; path = Base.lproj/Main.storyboard; sourceTree = "<group>"; };
		C97A421421DC935D00A08335 /* Assets.xcassets */ = {isa = PBXFileReference; lastKnownFileType = folder.assetcatalog; path = Assets.xcassets; sourceTree = "<group>"; };
		C97A421721DC935D00A08335 /* Base */ = {isa = PBXFileReference; lastKnownFileType = file.storyboard; name = Base; path = Base.lproj/LaunchScreen.storyboard; sourceTree = "<group>"; };
		C97A421921DC935D00A08335 /* Info.plist */ = {isa = PBXFileReference; lastKnownFileType = text.plist.xml; path = Info.plist; sourceTree = "<group>"; };
		DAACA65A257220171AD2578D /* Pods-UGFlutterIOSExample.debug.xcconfig */ = {isa = PBXFileReference; includeInIndex = 1; lastKnownFileType = text.xcconfig; name = "Pods-UGFlutterIOSExample.debug.xcconfig"; path = "Pods/Target Support Files/Pods-UGFlutterIOSExample/Pods-UGFlutterIOSExample.debug.xcconfig"; sourceTree = "<group>"; };
		DAC94D9927AE96EEC6AB2368 /* Pods_UGFlutterIOSExample.framework */ = {isa = PBXFileReference; explicitFileType = wrapper.framework; includeInIndex = 0; path = Pods_UGFlutterIOSExample.framework; sourceTree = BUILT_PRODUCTS_DIR; };
/* End PBXFileReference section */

/* Begin PBXFrameworksBuildPhase section */
		C97A420721DC935B00A08335 /* Frameworks */ = {
			isa = PBXFrameworksBuildPhase;
			buildActionMask = 2147483647;
			files = (
				BF05539DC5B7A0BDF60CD833 /* Pods_UGFlutterIOSExample.framework in Frameworks */,
			);
			runOnlyForDeploymentPostprocessing = 0;
		};
/* End PBXFrameworksBuildPhase section */

/* Begin PBXGroup section */
		7D3E061C3848EFAEEBB62A19 /* Frameworks */ = {
			isa = PBXGroup;
			children = (
				DAC94D9927AE96EEC6AB2368 /* Pods_UGFlutterIOSExample.framework */,
			);
			name = Frameworks;
			sourceTree = "<group>";
		};
		A226C68CFF4A6DCCD0D049E3 /* Pods */ = {
			isa = PBXGroup;
			children = (
				DAACA65A257220171AD2578D /* Pods-UGFlutterIOSExample.debug.xcconfig */,
				0F42FDF95BB546EEB41BD573 /* Pods-UGFlutterIOSExample.release.xcconfig */,
				024E8475E042BD477210538B /* Pods-UGFlutterIOSExample.stagingdebug.xcconfig */,
				0B5D1DBBF1C9F7F87A755AA5 /* Pods-UGFlutterIOSExample.stagingrelease.xcconfig */,
			);
			name = Pods;
			sourceTree = "<group>";
		};
		C97A420121DC935B00A08335 = {
			isa = PBXGroup;
			children = (
				C97A420C21DC935B00A08335 /* UGFlutterIOSExample */,
				C97A420B21DC935B00A08335 /* Products */,
				A226C68CFF4A6DCCD0D049E3 /* Pods */,
				7D3E061C3848EFAEEBB62A19 /* Frameworks */,
			);
			sourceTree = "<group>";
		};
		C97A420B21DC935B00A08335 /* Products */ = {
			isa = PBXGroup;
			children = (
				C97A420A21DC935B00A08335 /* UGFlutterIOSExample.app */,
			);
			name = Products;
			sourceTree = "<group>";
		};
		C97A420C21DC935B00A08335 /* UGFlutterIOSExample */ = {
			isa = PBXGroup;
			children = (
				C97A420D21DC935B00A08335 /* AppDelegate.swift */,
				C97A420F21DC935B00A08335 /* ViewController.swift */,
				C97A421121DC935B00A08335 /* Main.storyboard */,
				C97A421421DC935D00A08335 /* Assets.xcassets */,
				C97A421621DC935D00A08335 /* LaunchScreen.storyboard */,
				C97A421921DC935D00A08335 /* Info.plist */,
			);
			path = UGFlutterIOSExample;
			sourceTree = "<group>";
		};
/* End PBXGroup section */

/* Begin PBXNativeTarget section */
		C97A420921DC935B00A08335 /* UGFlutterIOSExample */ = {
			isa = PBXNativeTarget;
			buildConfigurationList = C97A421C21DC935D00A08335 /* Build configuration list for PBXNativeTarget "UGFlutterIOSExample" */;
			buildPhases = (
				5E11B42105DB52DA30C682B2 /* [CP] Check Pods Manifest.lock */,
				C98EF79321DCB5890097FA2C /* Flutter */,
				C97A420621DC935B00A08335 /* Sources */,
				C97A420721DC935B00A08335 /* Frameworks */,
				C97A420821DC935B00A08335 /* Resources */,
				86A3FFE8FEDE2FD92BDF0A3F /* [CP] Embed Pods Frameworks */,
			);
			buildRules = (
			);
			dependencies = (
			);
			name = UGFlutterIOSExample;
			productName = UGFlutterIOSExample;
			productReference = C97A420A21DC935B00A08335 /* UGFlutterIOSExample.app */;
			productType = "com.apple.product-type.application";
		};
/* End PBXNativeTarget section */

/* Begin PBXProject section */
		C97A420221DC935B00A08335 /* Project object */ = {
			isa = PBXProject;
			attributes = {
				LastSwiftUpdateCheck = 1010;
				LastUpgradeCheck = 1010;
				ORGANIZATIONNAME = "UpGrad Education Private Limited";
				TargetAttributes = {
					C97A420921DC935B00A08335 = {
						CreatedOnToolsVersion = 10.1;
					};
				};
			};
			buildConfigurationList = C97A420521DC935B00A08335 /* Build configuration list for PBXProject "UGFlutterIOSExample" */;
			compatibilityVersion = "Xcode 9.3";
			developmentRegion = en;
			hasScannedForEncodings = 0;
			knownRegions = (
				en,
				Base,
			);
			mainGroup = C97A420121DC935B00A08335;
			productRefGroup = C97A420B21DC935B00A08335 /* Products */;
			projectDirPath = "";
			projectRoot = "";
			targets = (
				C97A420921DC935B00A08335 /* UGFlutterIOSExample */,
			);
		};
/* End PBXProject section */

/* Begin PBXResourcesBuildPhase section */
		C97A420821DC935B00A08335 /* Resources */ = {
			isa = PBXResourcesBuildPhase;
			buildActionMask = 2147483647;
			files = (
				C97A421821DC935D00A08335 /* LaunchScreen.storyboard in Resources */,
				C97A421521DC935D00A08335 /* Assets.xcassets in Resources */,
				C97A421321DC935B00A08335 /* Main.storyboard in Resources */,
			);
			runOnlyForDeploymentPostprocessing = 0;
		};
/* End PBXResourcesBuildPhase section */

/* Begin PBXShellScriptBuildPhase section */
		5E11B42105DB52DA30C682B2 /* [CP] Check Pods Manifest.lock */ = {
			isa = PBXShellScriptBuildPhase;
			buildActionMask = 2147483647;
			files = (
			);
			inputFileListPaths = (
			);
			inputPaths = (
				"${PODS_PODFILE_DIR_PATH}/Podfile.lock",
				"${PODS_ROOT}/Manifest.lock",
			);
			name = "[CP] Check Pods Manifest.lock";
			outputFileListPaths = (
			);
			outputPaths = (
				"$(DERIVED_FILE_DIR)/Pods-UGFlutterIOSExample-checkManifestLockResult.txt",
			);
			runOnlyForDeploymentPostprocessing = 0;
			shellPath = /bin/sh;
			shellScript = "diff \"${PODS_PODFILE_DIR_PATH}/Podfile.lock\" \"${PODS_ROOT}/Manifest.lock\" > /dev/null\nif [ $? != 0 ] ; then\n    # print error to STDERR\n    echo \"error: The sandbox is not in sync with the Podfile.lock. Run 'pod install' or update your CocoaPods installation.\" >&2\n    exit 1\nfi\n# This output is used by Xcode 'outputs' to avoid re-running this script phase.\necho \"SUCCESS\" > \"${SCRIPT_OUTPUT_FILE_0}\"\n";
			showEnvVarsInLog = 0;
		};
		86A3FFE8FEDE2FD92BDF0A3F /* [CP] Embed Pods Frameworks */ = {
			isa = PBXShellScriptBuildPhase;
			buildActionMask = 2147483647;
			files = (
			);
			inputFileListPaths = (
			);
			inputPaths = (
				"${SRCROOT}/Pods/Target Support Files/Pods-UGFlutterIOSExample/Pods-UGFlutterIOSExample-frameworks.sh",
				"${PODS_ROOT}/../../UGFlutter/flutter/.ios/Flutter/engine/Flutter.framework",
				"${BUILT_PRODUCTS_DIR}/FlutterPluginRegistrant/FlutterPluginRegistrant.framework",
				"${BUILT_PRODUCTS_DIR}/UGFlutter/UGFlutter.framework",
				"${BUILT_PRODUCTS_DIR}/path_provider/path_provider.framework",
			);
			name = "[CP] Embed Pods Frameworks";
			outputFileListPaths = (
			);
			outputPaths = (
				"${TARGET_BUILD_DIR}/${FRAMEWORKS_FOLDER_PATH}/Flutter.framework",
				"${TARGET_BUILD_DIR}/${FRAMEWORKS_FOLDER_PATH}/FlutterPluginRegistrant.framework",
				"${TARGET_BUILD_DIR}/${FRAMEWORKS_FOLDER_PATH}/UGFlutter.framework",
				"${TARGET_BUILD_DIR}/${FRAMEWORKS_FOLDER_PATH}/path_provider.framework",
			);
			runOnlyForDeploymentPostprocessing = 0;
			shellPath = /bin/sh;
			shellScript = "\"${SRCROOT}/Pods/Target Support Files/Pods-UGFlutterIOSExample/Pods-UGFlutterIOSExample-frameworks.sh\"\n";
			showEnvVarsInLog = 0;
		};
		C98EF79321DCB5890097FA2C /* Flutter */ = {
			isa = PBXShellScriptBuildPhase;
			buildActionMask = 2147483647;
			files = (
			);
			inputFileListPaths = (
			);
			inputPaths = (
			);
			name = Flutter;
			outputFileListPaths = (
			);
			outputPaths = (
			);
			runOnlyForDeploymentPostprocessing = 0;
			shellPath = /bin/sh;
			shellScript = "# Type a script or drag a script file from your workspace to insert its path.\nif [ \"${CONFIGURATION}\" = \"StagingRelease\" ]; then\nexport FLUTTER_BUILD_MODE=release\nexport FLUTTER_TARGET=lib/main-staging.dart\nelif [ \"${CONFIGURATION}\" = \"StagingDebug\" ]; then\nexport FLUTTER_BUILD_MODE=debug\nexport FLUTTER_TARGET=lib/main-staging.dart\nelif [ \"${CONFIGURATION}\" = \"Release\" ]; then\nexport FLUTTER_BUILD_MODE=release\nexport FLUTTER_TARGET=lib/main.dart\nelif [ \"${CONFIGURATION}\" = \"Debug\" ]; then\nexport FLUTTER_BUILD_MODE=debug\nexport FLUTTER_TARGET=lib/main.dart\nfi\nexport VERBOSE_SCRIPT_LOGGING=YES\n\"$FLUTTER_ROOT/packages/flutter_tools/bin/xcode_backend.sh\" build\n\"$FLUTTER_ROOT/packages/flutter_tools/bin/xcode_backend.sh\" embed\n";
		};
/* End PBXShellScriptBuildPhase section */

/* Begin PBXSourcesBuildPhase section */
		C97A420621DC935B00A08335 /* Sources */ = {
			isa = PBXSourcesBuildPhase;
			buildActionMask = 2147483647;
			files = (
				C97A421021DC935B00A08335 /* ViewController.swift in Sources */,
				C97A420E21DC935B00A08335 /* AppDelegate.swift in Sources */,
			);
			runOnlyForDeploymentPostprocessing = 0;
		};
/* End PBXSourcesBuildPhase section */

/* Begin PBXVariantGroup section */
		C97A421121DC935B00A08335 /* Main.storyboard */ = {
			isa = PBXVariantGroup;
			children = (
				C97A421221DC935B00A08335 /* Base */,
			);
			name = Main.storyboard;
			sourceTree = "<group>";
		};
		C97A421621DC935D00A08335 /* LaunchScreen.storyboard */ = {
			isa = PBXVariantGroup;
			children = (
				C97A421721DC935D00A08335 /* Base */,
			);
			name = LaunchScreen.storyboard;
			sourceTree = "<group>";
		};
/* End PBXVariantGroup section */

/* Begin XCBuildConfiguration section */
		C97A421A21DC935D00A08335 /* Debug */ = {
			isa = XCBuildConfiguration;
			buildSettings = {
				ALWAYS_SEARCH_USER_PATHS = NO;
				CLANG_ANALYZER_NONNULL = YES;
				CLANG_ANALYZER_NUMBER_OBJECT_CONVERSION = YES_AGGRESSIVE;
				CLANG_CXX_LANGUAGE_STANDARD = "gnu++14";
				CLANG_CXX_LIBRARY = "libc++";
				CLANG_ENABLE_MODULES = YES;
				CLANG_ENABLE_OBJC_ARC = YES;
				CLANG_ENABLE_OBJC_WEAK = YES;
				CLANG_WARN_BLOCK_CAPTURE_AUTORELEASING = YES;
				CLANG_WARN_BOOL_CONVERSION = YES;
				CLANG_WARN_COMMA = YES;
				CLANG_WARN_CONSTANT_CONVERSION = YES;
				CLANG_WARN_DEPRECATED_OBJC_IMPLEMENTATIONS = YES;
				CLANG_WARN_DIRECT_OBJC_ISA_USAGE = YES_ERROR;
				CLANG_WARN_DOCUMENTATION_COMMENTS = YES;
				CLANG_WARN_EMPTY_BODY = YES;
				CLANG_WARN_ENUM_CONVERSION = YES;
				CLANG_WARN_INFINITE_RECURSION = YES;
				CLANG_WARN_INT_CONVERSION = YES;
				CLANG_WARN_NON_LITERAL_NULL_CONVERSION = YES;
				CLANG_WARN_OBJC_IMPLICIT_RETAIN_SELF = YES;
				CLANG_WARN_OBJC_LITERAL_CONVERSION = YES;
				CLANG_WARN_OBJC_ROOT_CLASS = YES_ERROR;
				CLANG_WARN_RANGE_LOOP_ANALYSIS = YES;
				CLANG_WARN_STRICT_PROTOTYPES = YES;
				CLANG_WARN_SUSPICIOUS_MOVE = YES;
				CLANG_WARN_UNGUARDED_AVAILABILITY = YES_AGGRESSIVE;
				CLANG_WARN_UNREACHABLE_CODE = YES;
				CLANG_WARN__DUPLICATE_METHOD_MATCH = YES;
				CODE_SIGN_IDENTITY = "iPhone Developer";
				COPY_PHASE_STRIP = NO;
				DEBUG_INFORMATION_FORMAT = dwarf;
				ENABLE_STRICT_OBJC_MSGSEND = YES;
				ENABLE_TESTABILITY = YES;
				GCC_C_LANGUAGE_STANDARD = gnu11;
				GCC_DYNAMIC_NO_PIC = NO;
				GCC_NO_COMMON_BLOCKS = YES;
				GCC_OPTIMIZATION_LEVEL = 0;
				GCC_PREPROCESSOR_DEFINITIONS = (
					"DEBUG=1",
					"$(inherited)",
				);
				GCC_WARN_64_TO_32_BIT_CONVERSION = YES;
				GCC_WARN_ABOUT_RETURN_TYPE = YES_ERROR;
				GCC_WARN_UNDECLARED_SELECTOR = YES;
				GCC_WARN_UNINITIALIZED_AUTOS = YES_AGGRESSIVE;
				GCC_WARN_UNUSED_FUNCTION = YES;
				GCC_WARN_UNUSED_VARIABLE = YES;
				IPHONEOS_DEPLOYMENT_TARGET = 12.1;
				MTL_ENABLE_DEBUG_INFO = INCLUDE_SOURCE;
				MTL_FAST_MATH = YES;
				ONLY_ACTIVE_ARCH = YES;
				SDKROOT = iphoneos;
				SWIFT_ACTIVE_COMPILATION_CONDITIONS = DEBUG;
				SWIFT_OPTIMIZATION_LEVEL = "-Onone";
			};
			name = Debug;
		};
		C97A421B21DC935D00A08335 /* Release */ = {
			isa = XCBuildConfiguration;
			buildSettings = {
				ALWAYS_SEARCH_USER_PATHS = NO;
				CLANG_ANALYZER_NONNULL = YES;
				CLANG_ANALYZER_NUMBER_OBJECT_CONVERSION = YES_AGGRESSIVE;
				CLANG_CXX_LANGUAGE_STANDARD = "gnu++14";
				CLANG_CXX_LIBRARY = "libc++";
				CLANG_ENABLE_MODULES = YES;
				CLANG_ENABLE_OBJC_ARC = YES;
				CLANG_ENABLE_OBJC_WEAK = YES;
				CLANG_WARN_BLOCK_CAPTURE_AUTORELEASING = YES;
				CLANG_WARN_BOOL_CONVERSION = YES;
				CLANG_WARN_COMMA = YES;
				CLANG_WARN_CONSTANT_CONVERSION = YES;
				CLANG_WARN_DEPRECATED_OBJC_IMPLEMENTATIONS = YES;
				CLANG_WARN_DIRECT_OBJC_ISA_USAGE = YES_ERROR;
				CLANG_WARN_DOCUMENTATION_COMMENTS = YES;
				CLANG_WARN_EMPTY_BODY = YES;
				CLANG_WARN_ENUM_CONVERSION = YES;
				CLANG_WARN_INFINITE_RECURSION = YES;
				CLANG_WARN_INT_CONVERSION = YES;
				CLANG_WARN_NON_LITERAL_NULL_CONVERSION = YES;
				CLANG_WARN_OBJC_IMPLICIT_RETAIN_SELF = YES;
				CLANG_WARN_OBJC_LITERAL_CONVERSION = YES;
				CLANG_WARN_OBJC_ROOT_CLASS = YES_ERROR;
				CLANG_WARN_RANGE_LOOP_ANALYSIS = YES;
				CLANG_WARN_STRICT_PROTOTYPES = YES;
				CLANG_WARN_SUSPICIOUS_MOVE = YES;
				CLANG_WARN_UNGUARDED_AVAILABILITY = YES_AGGRESSIVE;
				CLANG_WARN_UNREACHABLE_CODE = YES;
				CLANG_WARN__DUPLICATE_METHOD_MATCH = YES;
				CODE_SIGN_IDENTITY = "iPhone Developer";
				COPY_PHASE_STRIP = NO;
				DEBUG_INFORMATION_FORMAT = "dwarf-with-dsym";
				ENABLE_NS_ASSERTIONS = NO;
				ENABLE_STRICT_OBJC_MSGSEND = YES;
				GCC_C_LANGUAGE_STANDARD = gnu11;
				GCC_NO_COMMON_BLOCKS = YES;
				GCC_WARN_64_TO_32_BIT_CONVERSION = YES;
				GCC_WARN_ABOUT_RETURN_TYPE = YES_ERROR;
				GCC_WARN_UNDECLARED_SELECTOR = YES;
				GCC_WARN_UNINITIALIZED_AUTOS = YES_AGGRESSIVE;
				GCC_WARN_UNUSED_FUNCTION = YES;
				GCC_WARN_UNUSED_VARIABLE = YES;
				IPHONEOS_DEPLOYMENT_TARGET = 12.1;
				MTL_ENABLE_DEBUG_INFO = NO;
				MTL_FAST_MATH = YES;
				SDKROOT = iphoneos;
				SWIFT_COMPILATION_MODE = wholemodule;
				SWIFT_OPTIMIZATION_LEVEL = "-O";
				VALIDATE_PRODUCT = YES;
			};
			name = Release;
		};
		C97A421D21DC935D00A08335 /* Debug */ = {
			isa = XCBuildConfiguration;
			baseConfigurationReference = DAACA65A257220171AD2578D /* Pods-UGFlutterIOSExample.debug.xcconfig */;
			buildSettings = {
				ASSETCATALOG_COMPILER_APPICON_NAME = AppIcon;
				CODE_SIGN_STYLE = Automatic;
				DEVELOPMENT_TEAM = 9YS7Y73AL4;
				ENABLE_BITCODE = YES;
				INFOPLIST_FILE = UGFlutterIOSExample/Info.plist;
				IPHONEOS_DEPLOYMENT_TARGET = 9.0;
				LD_RUNPATH_SEARCH_PATHS = (
					"$(inherited)",
					"@executable_path/Frameworks",
				);
				PRODUCT_BUNDLE_IDENTIFIER = com.upgrad.UGFlutterIOSExample;
				PRODUCT_NAME = "$(TARGET_NAME)";
				SWIFT_VERSION = 4.0;
				TARGETED_DEVICE_FAMILY = "1,2";
			};
			name = Debug;
		};
		C97A421E21DC935D00A08335 /* Release */ = {
			isa = XCBuildConfiguration;
			baseConfigurationReference = 0F42FDF95BB546EEB41BD573 /* Pods-UGFlutterIOSExample.release.xcconfig */;
			buildSettings = {
				ASSETCATALOG_COMPILER_APPICON_NAME = AppIcon;
				CODE_SIGN_STYLE = Automatic;
				DEVELOPMENT_TEAM = 9YS7Y73AL4;
				ENABLE_BITCODE = YES;
				INFOPLIST_FILE = UGFlutterIOSExample/Info.plist;
				IPHONEOS_DEPLOYMENT_TARGET = 9.0;
				LD_RUNPATH_SEARCH_PATHS = (
					"$(inherited)",
					"@executable_path/Frameworks",
				);
				PRODUCT_BUNDLE_IDENTIFIER = com.upgrad.UGFlutterIOSExample;
				PRODUCT_NAME = "$(TARGET_NAME)";
				SWIFT_VERSION = 4.0;
				TARGETED_DEVICE_FAMILY = "1,2";
			};
			name = Release;
		};
		C98EF79421DCB6290097FA2C /* StagingDebug */ = {
			isa = XCBuildConfiguration;
			buildSettings = {
				ALWAYS_SEARCH_USER_PATHS = NO;
				CLANG_ANALYZER_NONNULL = YES;
				CLANG_ANALYZER_NUMBER_OBJECT_CONVERSION = YES_AGGRESSIVE;
				CLANG_CXX_LANGUAGE_STANDARD = "gnu++14";
				CLANG_CXX_LIBRARY = "libc++";
				CLANG_ENABLE_MODULES = YES;
				CLANG_ENABLE_OBJC_ARC = YES;
				CLANG_ENABLE_OBJC_WEAK = YES;
				CLANG_WARN_BLOCK_CAPTURE_AUTORELEASING = YES;
				CLANG_WARN_BOOL_CONVERSION = YES;
				CLANG_WARN_COMMA = YES;
				CLANG_WARN_CONSTANT_CONVERSION = YES;
				CLANG_WARN_DEPRECATED_OBJC_IMPLEMENTATIONS = YES;
				CLANG_WARN_DIRECT_OBJC_ISA_USAGE = YES_ERROR;
				CLANG_WARN_DOCUMENTATION_COMMENTS = YES;
				CLANG_WARN_EMPTY_BODY = YES;
				CLANG_WARN_ENUM_CONVERSION = YES;
				CLANG_WARN_INFINITE_RECURSION = YES;
				CLANG_WARN_INT_CONVERSION = YES;
				CLANG_WARN_NON_LITERAL_NULL_CONVERSION = YES;
				CLANG_WARN_OBJC_IMPLICIT_RETAIN_SELF = YES;
				CLANG_WARN_OBJC_LITERAL_CONVERSION = YES;
				CLANG_WARN_OBJC_ROOT_CLASS = YES_ERROR;
				CLANG_WARN_RANGE_LOOP_ANALYSIS = YES;
				CLANG_WARN_STRICT_PROTOTYPES = YES;
				CLANG_WARN_SUSPICIOUS_MOVE = YES;
				CLANG_WARN_UNGUARDED_AVAILABILITY = YES_AGGRESSIVE;
				CLANG_WARN_UNREACHABLE_CODE = YES;
				CLANG_WARN__DUPLICATE_METHOD_MATCH = YES;
				CODE_SIGN_IDENTITY = "iPhone Developer";
				COPY_PHASE_STRIP = NO;
				DEBUG_INFORMATION_FORMAT = dwarf;
				ENABLE_STRICT_OBJC_MSGSEND = YES;
				ENABLE_TESTABILITY = YES;
				GCC_C_LANGUAGE_STANDARD = gnu11;
				GCC_DYNAMIC_NO_PIC = NO;
				GCC_NO_COMMON_BLOCKS = YES;
				GCC_OPTIMIZATION_LEVEL = 0;
				GCC_PREPROCESSOR_DEFINITIONS = (
					"DEBUG=1",
					"$(inherited)",
				);
				GCC_WARN_64_TO_32_BIT_CONVERSION = YES;
				GCC_WARN_ABOUT_RETURN_TYPE = YES_ERROR;
				GCC_WARN_UNDECLARED_SELECTOR = YES;
				GCC_WARN_UNINITIALIZED_AUTOS = YES_AGGRESSIVE;
				GCC_WARN_UNUSED_FUNCTION = YES;
				GCC_WARN_UNUSED_VARIABLE = YES;
				IPHONEOS_DEPLOYMENT_TARGET = 12.1;
				MTL_ENABLE_DEBUG_INFO = INCLUDE_SOURCE;
				MTL_FAST_MATH = YES;
				ONLY_ACTIVE_ARCH = YES;
				SDKROOT = iphoneos;
				SWIFT_ACTIVE_COMPILATION_CONDITIONS = DEBUG;
				SWIFT_OPTIMIZATION_LEVEL = "-Onone";
			};
			name = StagingDebug;
		};
		C98EF79521DCB6290097FA2C /* StagingDebug */ = {
			isa = XCBuildConfiguration;
			baseConfigurationReference = 024E8475E042BD477210538B /* Pods-UGFlutterIOSExample.stagingdebug.xcconfig */;
			buildSettings = {
				ASSETCATALOG_COMPILER_APPICON_NAME = AppIcon;
				CODE_SIGN_STYLE = Automatic;
				DEVELOPMENT_TEAM = 9YS7Y73AL4;
				ENABLE_BITCODE = YES;
				INFOPLIST_FILE = UGFlutterIOSExample/Info.plist;
				IPHONEOS_DEPLOYMENT_TARGET = 9.0;
				LD_RUNPATH_SEARCH_PATHS = (
					"$(inherited)",
					"@executable_path/Frameworks",
				);
				PRODUCT_BUNDLE_IDENTIFIER = com.upgrad.UGFlutterIOSExample;
				PRODUCT_NAME = "$(TARGET_NAME)";
				SWIFT_VERSION = 4.0;
				TARGETED_DEVICE_FAMILY = "1,2";
			};
			name = StagingDebug;
		};
		C98EF79621DCB62F0097FA2C /* StagingRelease */ = {
			isa = XCBuildConfiguration;
			buildSettings = {
				ALWAYS_SEARCH_USER_PATHS = NO;
				CLANG_ANALYZER_NONNULL = YES;
				CLANG_ANALYZER_NUMBER_OBJECT_CONVERSION = YES_AGGRESSIVE;
				CLANG_CXX_LANGUAGE_STANDARD = "gnu++14";
				CLANG_CXX_LIBRARY = "libc++";
				CLANG_ENABLE_MODULES = YES;
				CLANG_ENABLE_OBJC_ARC = YES;
				CLANG_ENABLE_OBJC_WEAK = YES;
				CLANG_WARN_BLOCK_CAPTURE_AUTORELEASING = YES;
				CLANG_WARN_BOOL_CONVERSION = YES;
				CLANG_WARN_COMMA = YES;
				CLANG_WARN_CONSTANT_CONVERSION = YES;
				CLANG_WARN_DEPRECATED_OBJC_IMPLEMENTATIONS = YES;
				CLANG_WARN_DIRECT_OBJC_ISA_USAGE = YES_ERROR;
				CLANG_WARN_DOCUMENTATION_COMMENTS = YES;
				CLANG_WARN_EMPTY_BODY = YES;
				CLANG_WARN_ENUM_CONVERSION = YES;
				CLANG_WARN_INFINITE_RECURSION = YES;
				CLANG_WARN_INT_CONVERSION = YES;
				CLANG_WARN_NON_LITERAL_NULL_CONVERSION = YES;
				CLANG_WARN_OBJC_IMPLICIT_RETAIN_SELF = YES;
				CLANG_WARN_OBJC_LITERAL_CONVERSION = YES;
				CLANG_WARN_OBJC_ROOT_CLASS = YES_ERROR;
				CLANG_WARN_RANGE_LOOP_ANALYSIS = YES;
				CLANG_WARN_STRICT_PROTOTYPES = YES;
				CLANG_WARN_SUSPICIOUS_MOVE = YES;
				CLANG_WARN_UNGUARDED_AVAILABILITY = YES_AGGRESSIVE;
				CLANG_WARN_UNREACHABLE_CODE = YES;
				CLANG_WARN__DUPLICATE_METHOD_MATCH = YES;
				CODE_SIGN_IDENTITY = "iPhone Developer";
				COPY_PHASE_STRIP = NO;
				DEBUG_INFORMATION_FORMAT = "dwarf-with-dsym";
				ENABLE_NS_ASSERTIONS = NO;
				ENABLE_STRICT_OBJC_MSGSEND = YES;
				GCC_C_LANGUAGE_STANDARD = gnu11;
				GCC_NO_COMMON_BLOCKS = YES;
				GCC_WARN_64_TO_32_BIT_CONVERSION = YES;
				GCC_WARN_ABOUT_RETURN_TYPE = YES_ERROR;
				GCC_WARN_UNDECLARED_SELECTOR = YES;
				GCC_WARN_UNINITIALIZED_AUTOS = YES_AGGRESSIVE;
				GCC_WARN_UNUSED_FUNCTION = YES;
				GCC_WARN_UNUSED_VARIABLE = YES;
				IPHONEOS_DEPLOYMENT_TARGET = 12.1;
				MTL_ENABLE_DEBUG_INFO = NO;
				MTL_FAST_MATH = YES;
				SDKROOT = iphoneos;
				SWIFT_COMPILATION_MODE = wholemodule;
				SWIFT_OPTIMIZATION_LEVEL = "-O";
				VALIDATE_PRODUCT = YES;
			};
			name = StagingRelease;
		};
		C98EF79721DCB62F0097FA2C /* StagingRelease */ = {
			isa = XCBuildConfiguration;
			baseConfigurationReference = 0B5D1DBBF1C9F7F87A755AA5 /* Pods-UGFlutterIOSExample.stagingrelease.xcconfig */;
			buildSettings = {
				ASSETCATALOG_COMPILER_APPICON_NAME = AppIcon;
				CODE_SIGN_STYLE = Automatic;
				DEVELOPMENT_TEAM = 9YS7Y73AL4;
				ENABLE_BITCODE = YES;
				INFOPLIST_FILE = UGFlutterIOSExample/Info.plist;
				IPHONEOS_DEPLOYMENT_TARGET = 9.0;
				LD_RUNPATH_SEARCH_PATHS = (
					"$(inherited)",
					"@executable_path/Frameworks",
				);
				PRODUCT_BUNDLE_IDENTIFIER = com.upgrad.UGFlutterIOSExample;
				PRODUCT_NAME = "$(TARGET_NAME)";
				SWIFT_VERSION = 4.0;
				TARGETED_DEVICE_FAMILY = "1,2";
			};
			name = StagingRelease;
		};
/* End XCBuildConfiguration section */

/* Begin XCConfigurationList section */
		C97A420521DC935B00A08335 /* Build configuration list for PBXProject "UGFlutterIOSExample" */ = {
			isa = XCConfigurationList;
			buildConfigurations = (
				C97A421A21DC935D00A08335 /* Debug */,
				C98EF79421DCB6290097FA2C /* StagingDebug */,
				C97A421B21DC935D00A08335 /* Release */,
				C98EF79621DCB62F0097FA2C /* StagingRelease */,
			);
			defaultConfigurationIsVisible = 0;
			defaultConfigurationName = Release;
		};
		C97A421C21DC935D00A08335 /* Build configuration list for PBXNativeTarget "UGFlutterIOSExample" */ = {
			isa = XCConfigurationList;
			buildConfigurations = (
				C97A421D21DC935D00A08335 /* Debug */,
				C98EF79521DCB6290097FA2C /* StagingDebug */,
				C97A421E21DC935D00A08335 /* Release */,
				C98EF79721DCB62F0097FA2C /* StagingRelease */,
			);
			defaultConfigurationIsVisible = 0;
			defaultConfigurationName = Release;
		};
/* End XCConfigurationList section */
	};
	rootObject = C97A420221DC935B00A08335 /* Project object */;
}
